// !$*UTF8*$!
{
	archiveVersion = 1;
	classes = {
	};
	objectVersion = 46;
	objects = {

/* Begin PBXBuildFile section */
		2394B9A31D24186A0020F9D9 /* NWADrawing.swift in Sources */ = {isa = PBXBuildFile; fileRef = 2394B9A21D24186A0020F9D9 /* NWADrawing.swift */; };
		2394B9A51D2418820020F9D9 /* NWADrawingView.swift in Sources */ = {isa = PBXBuildFile; fileRef = 2394B9A41D2418820020F9D9 /* NWADrawingView.swift */; };
		E65700361D23F23C0076F2C3 /* Assets.xcassets in Resources */ = {isa = PBXBuildFile; fileRef = E65700351D23F23C0076F2C3 /* Assets.xcassets */; };
		E657003D1D23F23C0076F2C3 /* MessagesExtension.appex in Embed App Extensions */ = {isa = PBXBuildFile; fileRef = E657003C1D23F23C0076F2C3 /* MessagesExtension.appex */; settings = {ATTRIBUTES = (RemoveHeadersOnCopy, ); }; };
		E65700421D23F23C0076F2C3 /* Messages.framework in Frameworks */ = {isa = PBXBuildFile; fileRef = E65700411D23F23C0076F2C3 /* Messages.framework */; };
		E65700451D23F23C0076F2C3 /* MessagesViewController.swift in Sources */ = {isa = PBXBuildFile; fileRef = E65700441D23F23C0076F2C3 /* MessagesViewController.swift */; };
		E65700481D23F23C0076F2C3 /* MainInterface.storyboard in Resources */ = {isa = PBXBuildFile; fileRef = E65700461D23F23C0076F2C3 /* MainInterface.storyboard */; };
		E657004A1D23F23C0076F2C3 /* Assets.xcassets in Resources */ = {isa = PBXBuildFile; fileRef = E65700491D23F23C0076F2C3 /* Assets.xcassets */; };
		E674BF3C1D24067E00F0F230 /* Drawing.swift in Sources */ = {isa = PBXBuildFile; fileRef = E674BF3B1D24067E00F0F230 /* Drawing.swift */; };
		E674BF401D2408B700F0F230 /* CompletedDrawingViewController.swift in Sources */ = {isa = PBXBuildFile; fileRef = E674BF3F1D2408B700F0F230 /* CompletedDrawingViewController.swift */; };
		E674BF421D2408DD00F0F230 /* BuildDrawingViewController.swift in Sources */ = {isa = PBXBuildFile; fileRef = E674BF411D2408DD00F0F230 /* BuildDrawingViewController.swift */; };
		E674BF441D240EB500F0F230 /* DrawingViewController.swift in Sources */ = {isa = PBXBuildFile; fileRef = E674BF431D240EB500F0F230 /* DrawingViewController.swift */; };
/* End PBXBuildFile section */

/* Begin PBXContainerItemProxy section */
		E657003E1D23F23C0076F2C3 /* PBXContainerItemProxy */ = {
			isa = PBXContainerItemProxy;
			containerPortal = E657002C1D23F23C0076F2C3 /* Project object */;
			proxyType = 1;
			remoteGlobalIDString = E657003B1D23F23C0076F2C3;
			remoteInfo = MessagesExtension;
		};
/* End PBXContainerItemProxy section */

/* Begin PBXCopyFilesBuildPhase section */
		E65700511D23F23C0076F2C3 /* Embed App Extensions */ = {
			isa = PBXCopyFilesBuildPhase;
			buildActionMask = 2147483647;
			dstPath = "";
			dstSubfolderSpec = 13;
			files = (
				E657003D1D23F23C0076F2C3 /* MessagesExtension.appex in Embed App Extensions */,
			);
			name = "Embed App Extensions";
			runOnlyForDeploymentPostprocessing = 0;
		};
/* End PBXCopyFilesBuildPhase section */

/* Begin PBXFileReference section */
		2394B9A21D24186A0020F9D9 /* NWADrawing.swift */ = {isa = PBXFileReference; fileEncoding = 4; lastKnownFileType = sourcecode.swift; path = NWADrawing.swift; sourceTree = "<group>"; };
		2394B9A41D2418820020F9D9 /* NWADrawingView.swift */ = {isa = PBXFileReference; fileEncoding = 4; lastKnownFileType = sourcecode.swift; path = NWADrawingView.swift; sourceTree = "<group>"; };
		E65700321D23F23C0076F2C3 /* foldy-foldy-draw-draw.app */ = {isa = PBXFileReference; explicitFileType = wrapper.application; includeInIndex = 0; path = "foldy-foldy-draw-draw.app"; sourceTree = BUILT_PRODUCTS_DIR; };
		E65700351D23F23C0076F2C3 /* Assets.xcassets */ = {isa = PBXFileReference; lastKnownFileType = folder.assetcatalog; path = Assets.xcassets; sourceTree = "<group>"; };
		E65700371D23F23C0076F2C3 /* Info.plist */ = {isa = PBXFileReference; lastKnownFileType = text.plist.xml; path = Info.plist; sourceTree = "<group>"; };
		E657003C1D23F23C0076F2C3 /* MessagesExtension.appex */ = {isa = PBXFileReference; explicitFileType = "wrapper.app-extension"; includeInIndex = 0; path = MessagesExtension.appex; sourceTree = BUILT_PRODUCTS_DIR; };
		E65700411D23F23C0076F2C3 /* Messages.framework */ = {isa = PBXFileReference; lastKnownFileType = wrapper.framework; name = Messages.framework; path = System/Library/Frameworks/Messages.framework; sourceTree = SDKROOT; };
		E65700441D23F23C0076F2C3 /* MessagesViewController.swift */ = {isa = PBXFileReference; lastKnownFileType = sourcecode.swift; path = MessagesViewController.swift; sourceTree = "<group>"; };
		E65700471D23F23C0076F2C3 /* Base */ = {isa = PBXFileReference; lastKnownFileType = file.storyboard; name = Base; path = Base.lproj/MainInterface.storyboard; sourceTree = "<group>"; };
		E65700491D23F23C0076F2C3 /* Assets.xcassets */ = {isa = PBXFileReference; lastKnownFileType = folder.assetcatalog; path = Assets.xcassets; sourceTree = "<group>"; };
		E657004B1D23F23C0076F2C3 /* Info.plist */ = {isa = PBXFileReference; lastKnownFileType = text.plist.xml; path = Info.plist; sourceTree = "<group>"; };
		E674BF3B1D24067E00F0F230 /* Drawing.swift */ = {isa = PBXFileReference; fileEncoding = 4; lastKnownFileType = sourcecode.swift; path = Drawing.swift; sourceTree = "<group>"; };
		E674BF3F1D2408B700F0F230 /* CompletedDrawingViewController.swift */ = {isa = PBXFileReference; fileEncoding = 4; lastKnownFileType = sourcecode.swift; path = CompletedDrawingViewController.swift; sourceTree = "<group>"; };
		E674BF411D2408DD00F0F230 /* BuildDrawingViewController.swift */ = {isa = PBXFileReference; fileEncoding = 4; lastKnownFileType = sourcecode.swift; path = BuildDrawingViewController.swift; sourceTree = "<group>"; };
		E674BF431D240EB500F0F230 /* DrawingViewController.swift */ = {isa = PBXFileReference; fileEncoding = 4; lastKnownFileType = sourcecode.swift; path = DrawingViewController.swift; sourceTree = "<group>"; };
/* End PBXFileReference section */

/* Begin PBXFrameworksBuildPhase section */
		E65700391D23F23C0076F2C3 /* Frameworks */ = {
			isa = PBXFrameworksBuildPhase;
			buildActionMask = 2147483647;
			files = (
				E65700421D23F23C0076F2C3 /* Messages.framework in Frameworks */,
			);
			runOnlyForDeploymentPostprocessing = 0;
		};
/* End PBXFrameworksBuildPhase section */

/* Begin PBXGroup section */
		E657002B1D23F23C0076F2C3 = {
			isa = PBXGroup;
			children = (
				E65700341D23F23C0076F2C3 /* foldy-foldy-draw-draw */,
				E65700431D23F23C0076F2C3 /* MessagesExtension */,
				E65700401D23F23C0076F2C3 /* Frameworks */,
				E65700331D23F23C0076F2C3 /* Products */,
			);
			sourceTree = "<group>";
		};
		E65700331D23F23C0076F2C3 /* Products */ = {
			isa = PBXGroup;
			children = (
				E65700321D23F23C0076F2C3 /* foldy-foldy-draw-draw.app */,
				E657003C1D23F23C0076F2C3 /* MessagesExtension.appex */,
			);
			name = Products;
			sourceTree = "<group>";
		};
		E65700341D23F23C0076F2C3 /* foldy-foldy-draw-draw */ = {
			isa = PBXGroup;
			children = (
				E65700351D23F23C0076F2C3 /* Assets.xcassets */,
				E65700371D23F23C0076F2C3 /* Info.plist */,
			);
			path = "foldy-foldy-draw-draw";
			sourceTree = "<group>";
		};
		E65700401D23F23C0076F2C3 /* Frameworks */ = {
			isa = PBXGroup;
			children = (
				E65700411D23F23C0076F2C3 /* Messages.framework */,
			);
			name = Frameworks;
			sourceTree = "<group>";
		};
		E65700431D23F23C0076F2C3 /* MessagesExtension */ = {
			isa = PBXGroup;
			children = (
				E65700441D23F23C0076F2C3 /* MessagesViewController.swift */,
				E674BF3F1D2408B700F0F230 /* CompletedDrawingViewController.swift */,
				E674BF411D2408DD00F0F230 /* BuildDrawingViewController.swift */,
				E674BF431D240EB500F0F230 /* DrawingViewController.swift */,
				2394B9A41D2418820020F9D9 /* NWADrawingView.swift */,
				E674BF3A1D24065900F0F230 /* Model */,
				E65700461D23F23C0076F2C3 /* MainInterface.storyboard */,
				E65700491D23F23C0076F2C3 /* Assets.xcassets */,
				E657004B1D23F23C0076F2C3 /* Info.plist */,
			);
			path = MessagesExtension;
			sourceTree = "<group>";
		};
		E674BF3A1D24065900F0F230 /* Model */ = {
			isa = PBXGroup;
			children = (
				2394B9A21D24186A0020F9D9 /* NWADrawing.swift */,
				E674BF3B1D24067E00F0F230 /* Drawing.swift */,
			);
			name = Model;
			sourceTree = "<group>";
		};
/* End PBXGroup section */

/* Begin PBXNativeTarget section */
		E65700311D23F23C0076F2C3 /* foldy-foldy-draw-draw */ = {
			isa = PBXNativeTarget;
			buildConfigurationList = E65700521D23F23C0076F2C3 /* Build configuration list for PBXNativeTarget "foldy-foldy-draw-draw" */;
			buildPhases = (
				E65700301D23F23C0076F2C3 /* Resources */,
				E65700511D23F23C0076F2C3 /* Embed App Extensions */,
			);
			buildRules = (
			);
			dependencies = (
				E657003F1D23F23C0076F2C3 /* PBXTargetDependency */,
			);
			name = "foldy-foldy-draw-draw";
			productName = "foldy-foldy-draw-draw";
			productReference = E65700321D23F23C0076F2C3 /* foldy-foldy-draw-draw.app */;
			productType = "com.apple.product-type.application.messages";
		};
		E657003B1D23F23C0076F2C3 /* MessagesExtension */ = {
			isa = PBXNativeTarget;
			buildConfigurationList = E657004E1D23F23C0076F2C3 /* Build configuration list for PBXNativeTarget "MessagesExtension" */;
			buildPhases = (
				E65700381D23F23C0076F2C3 /* Sources */,
				E65700391D23F23C0076F2C3 /* Frameworks */,
				E657003A1D23F23C0076F2C3 /* Resources */,
			);
			buildRules = (
			);
			dependencies = (
			);
			name = MessagesExtension;
			productName = MessagesExtension;
			productReference = E657003C1D23F23C0076F2C3 /* MessagesExtension.appex */;
			productType = "com.apple.product-type.app-extension.messages";
		};
/* End PBXNativeTarget section */

/* Begin PBXProject section */
		E657002C1D23F23C0076F2C3 /* Project object */ = {
			isa = PBXProject;
			attributes = {
				LastSwiftUpdateCheck = 0800;
				LastUpgradeCheck = 0800;
				ORGANIZATIONNAME = "Marijn Schilling";
				TargetAttributes = {
					E65700311D23F23C0076F2C3 = {
						CreatedOnToolsVersion = 8.0;
						DevelopmentTeam = 343GHNYHS2;
						DevelopmentTeamName = "Marijn Schilling (Personal Team)";
						ProvisioningStyle = Automatic;
					};
					E657003B1D23F23C0076F2C3 = {
						CreatedOnToolsVersion = 8.0;
						DevelopmentTeam = 343GHNYHS2;
						DevelopmentTeamName = "Marijn Schilling (Personal Team)";
						ProvisioningStyle = Automatic;
					};
				};
			};
			buildConfigurationList = E657002F1D23F23C0076F2C3 /* Build configuration list for PBXProject "foldy-foldy-draw-draw" */;
			compatibilityVersion = "Xcode 3.2";
			developmentRegion = English;
			hasScannedForEncodings = 0;
			knownRegions = (
				en,
				Base,
			);
			mainGroup = E657002B1D23F23C0076F2C3;
			productRefGroup = E65700331D23F23C0076F2C3 /* Products */;
			projectDirPath = "";
			projectRoot = "";
			targets = (
				E65700311D23F23C0076F2C3 /* foldy-foldy-draw-draw */,
				E657003B1D23F23C0076F2C3 /* MessagesExtension */,
			);
		};
/* End PBXProject section */

/* Begin PBXResourcesBuildPhase section */
		E65700301D23F23C0076F2C3 /* Resources */ = {
			isa = PBXResourcesBuildPhase;
			buildActionMask = 2147483647;
			files = (
				E65700361D23F23C0076F2C3 /* Assets.xcassets in Resources */,
			);
			runOnlyForDeploymentPostprocessing = 0;
		};
		E657003A1D23F23C0076F2C3 /* Resources */ = {
			isa = PBXResourcesBuildPhase;
			buildActionMask = 2147483647;
			files = (
				E657004A1D23F23C0076F2C3 /* Assets.xcassets in Resources */,
				E65700481D23F23C0076F2C3 /* MainInterface.storyboard in Resources */,
			);
			runOnlyForDeploymentPostprocessing = 0;
		};
/* End PBXResourcesBuildPhase section */

/* Begin PBXSourcesBuildPhase section */
		E65700381D23F23C0076F2C3 /* Sources */ = {
			isa = PBXSourcesBuildPhase;
			buildActionMask = 2147483647;
			files = (
				2394B9A51D2418820020F9D9 /* NWADrawingView.swift in Sources */,
				E674BF401D2408B700F0F230 /* CompletedDrawingViewController.swift in Sources */,
				E674BF441D240EB500F0F230 /* DrawingViewController.swift in Sources */,
				E674BF3C1D24067E00F0F230 /* Drawing.swift in Sources */,
				E674BF421D2408DD00F0F230 /* BuildDrawingViewController.swift in Sources */,
				E65700451D23F23C0076F2C3 /* MessagesViewController.swift in Sources */,
				2394B9A31D24186A0020F9D9 /* NWADrawing.swift in Sources */,
			);
			runOnlyForDeploymentPostprocessing = 0;
		};
/* End PBXSourcesBuildPhase section */

/* Begin PBXTargetDependency section */
		E657003F1D23F23C0076F2C3 /* PBXTargetDependency */ = {
			isa = PBXTargetDependency;
			target = E657003B1D23F23C0076F2C3 /* MessagesExtension */;
			targetProxy = E657003E1D23F23C0076F2C3 /* PBXContainerItemProxy */;
		};
/* End PBXTargetDependency section */

/* Begin PBXVariantGroup section */
		E65700461D23F23C0076F2C3 /* MainInterface.storyboard */ = {
			isa = PBXVariantGroup;
			children = (
				E65700471D23F23C0076F2C3 /* Base */,
			);
			name = MainInterface.storyboard;
			sourceTree = "<group>";
		};
/* End PBXVariantGroup section */

/* Begin XCBuildConfiguration section */
		E657004C1D23F23C0076F2C3 /* Debug */ = {
			isa = XCBuildConfiguration;
			buildSettings = {
				ALWAYS_SEARCH_USER_PATHS = NO;
				CLANG_ANALYZER_NONNULL = YES;
				CLANG_CXX_LANGUAGE_STANDARD = "gnu++0x";
				CLANG_CXX_LIBRARY = "libc++";
				CLANG_ENABLE_MODULES = YES;
				CLANG_ENABLE_OBJC_ARC = YES;
				CLANG_WARN_BOOL_CONVERSION = YES;
				CLANG_WARN_CONSTANT_CONVERSION = YES;
				CLANG_WARN_DIRECT_OBJC_ISA_USAGE = YES_ERROR;
				CLANG_WARN_DOCUMENTATION_COMMENTS = YES;
				CLANG_WARN_EMPTY_BODY = YES;
				CLANG_WARN_ENUM_CONVERSION = YES;
				CLANG_WARN_INT_CONVERSION = YES;
				CLANG_WARN_OBJC_ROOT_CLASS = YES_ERROR;
				CLANG_WARN_UNREACHABLE_CODE = YES;
				CLANG_WARN__DUPLICATE_METHOD_MATCH = YES;
				"CODE_SIGN_IDENTITY[sdk=iphoneos*]" = "iPhone Developer";
				COPY_PHASE_STRIP = NO;
				DEBUG_INFORMATION_FORMAT = dwarf;
				ENABLE_STRICT_OBJC_MSGSEND = YES;
				ENABLE_TESTABILITY = YES;
				GCC_C_LANGUAGE_STANDARD = gnu99;
				GCC_DYNAMIC_NO_PIC = NO;
				GCC_NO_COMMON_BLOCKS = YES;
				GCC_OPTIMIZATION_LEVEL = 0;
				GCC_PREPROCESSOR_DEFINITIONS = (
					"DEBUG=1",
					"$(inherited)",
				);
				GCC_WARN_64_TO_32_BIT_CONVERSION = YES;
				GCC_WARN_ABOUT_RETURN_TYPE = YES_ERROR;
				GCC_WARN_UNDECLARED_SELECTOR = YES;
				GCC_WARN_UNINITIALIZED_AUTOS = YES_AGGRESSIVE;
				GCC_WARN_UNUSED_FUNCTION = YES;
				GCC_WARN_UNUSED_VARIABLE = YES;
				IPHONEOS_DEPLOYMENT_TARGET = 10.0;
				MTL_ENABLE_DEBUG_INFO = YES;
				ONLY_ACTIVE_ARCH = YES;
				SDKROOT = iphoneos;
				SWIFT_ACTIVE_COMPILATION_CONDITIONS = DEBUG;
				SWIFT_OPTIMIZATION_LEVEL = "-Onone";
			};
			name = Debug;
		};
		E657004D1D23F23C0076F2C3 /* Release */ = {
			isa = XCBuildConfiguration;
			buildSettings = {
				ALWAYS_SEARCH_USER_PATHS = NO;
				CLANG_ANALYZER_NONNULL = YES;
				CLANG_CXX_LANGUAGE_STANDARD = "gnu++0x";
				CLANG_CXX_LIBRARY = "libc++";
				CLANG_ENABLE_MODULES = YES;
				CLANG_ENABLE_OBJC_ARC = YES;
				CLANG_WARN_BOOL_CONVERSION = YES;
				CLANG_WARN_CONSTANT_CONVERSION = YES;
				CLANG_WARN_DIRECT_OBJC_ISA_USAGE = YES_ERROR;
				CLANG_WARN_DOCUMENTATION_COMMENTS = YES;
				CLANG_WARN_EMPTY_BODY = YES;
				CLANG_WARN_ENUM_CONVERSION = YES;
				CLANG_WARN_INT_CONVERSION = YES;
				CLANG_WARN_OBJC_ROOT_CLASS = YES_ERROR;
				CLANG_WARN_UNREACHABLE_CODE = YES;
				CLANG_WARN__DUPLICATE_METHOD_MATCH = YES;
				"CODE_SIGN_IDENTITY[sdk=iphoneos*]" = "iPhone Developer";
				COPY_PHASE_STRIP = NO;
				DEBUG_INFORMATION_FORMAT = "dwarf-with-dsym";
				ENABLE_NS_ASSERTIONS = NO;
				ENABLE_STRICT_OBJC_MSGSEND = YES;
				GCC_C_LANGUAGE_STANDARD = gnu99;
				GCC_NO_COMMON_BLOCKS = YES;
				GCC_WARN_64_TO_32_BIT_CONVERSION = YES;
				GCC_WARN_ABOUT_RETURN_TYPE = YES_ERROR;
				GCC_WARN_UNDECLARED_SELECTOR = YES;
				GCC_WARN_UNINITIALIZED_AUTOS = YES_AGGRESSIVE;
				GCC_WARN_UNUSED_FUNCTION = YES;
				GCC_WARN_UNUSED_VARIABLE = YES;
				IPHONEOS_DEPLOYMENT_TARGET = 10.0;
				MTL_ENABLE_DEBUG_INFO = NO;
				SDKROOT = iphoneos;
				SWIFT_OPTIMIZATION_LEVEL = "-Owholemodule";
				VALIDATE_PRODUCT = YES;
			};
			name = Release;
		};
		E657004F1D23F23C0076F2C3 /* Debug */ = {
			isa = XCBuildConfiguration;
			buildSettings = {
				ASSETCATALOG_COMPILER_APPICON_NAME = "iMessage App Icon";
				INFOPLIST_FILE = MessagesExtension/Info.plist;
				LD_RUNPATH_SEARCH_PATHS = "$(inherited) @executable_path/Frameworks @executable_path/../../Frameworks";
				PRODUCT_BUNDLE_IDENTIFIER = "marijnUnited.foldy-foldy-draw-draw.MessagesExtension";
				PRODUCT_NAME = "$(TARGET_NAME)";
				SKIP_INSTALL = YES;
				SWIFT_VERSION = 3.0;
			};
			name = Debug;
		};
		E65700501D23F23C0076F2C3 /* Release */ = {
			isa = XCBuildConfiguration;
			buildSettings = {
				ASSETCATALOG_COMPILER_APPICON_NAME = "iMessage App Icon";
				INFOPLIST_FILE = MessagesExtension/Info.plist;
				LD_RUNPATH_SEARCH_PATHS = "$(inherited) @executable_path/Frameworks @executable_path/../../Frameworks";
				PRODUCT_BUNDLE_IDENTIFIER = "marijnUnited.foldy-foldy-draw-draw.MessagesExtension";
				PRODUCT_NAME = "$(TARGET_NAME)";
				SKIP_INSTALL = YES;
				SWIFT_VERSION = 3.0;
			};
			name = Release;
		};
		E65700531D23F23C0076F2C3 /* Debug */ = {
			isa = XCBuildConfiguration;
			buildSettings = {
				ALWAYS_EMBED_SWIFT_STANDARD_LIBRARIES = YES;
				ASSETCATALOG_COMPILER_APPICON_NAME = AppIcon;
				INFOPLIST_FILE = "foldy-foldy-draw-draw/Info.plist";
				PRODUCT_BUNDLE_IDENTIFIER = "marijnUnited.foldy-foldy-draw-draw";
				PRODUCT_NAME = "$(TARGET_NAME)";
				SWIFT_VERSION = 3.0;
				TARGETED_DEVICE_FAMILY = "1,2";
			};
			name = Debug;
		};
		E65700541D23F23C0076F2C3 /* Release */ = {
			isa = XCBuildConfiguration;
			buildSettings = {
				ALWAYS_EMBED_SWIFT_STANDARD_LIBRARIES = YES;
				ASSETCATALOG_COMPILER_APPICON_NAME = AppIcon;
				INFOPLIST_FILE = "foldy-foldy-draw-draw/Info.plist";
				PRODUCT_BUNDLE_IDENTIFIER = "marijnUnited.foldy-foldy-draw-draw";
				PRODUCT_NAME = "$(TARGET_NAME)";
				SWIFT_VERSION = 3.0;
				TARGETED_DEVICE_FAMILY = "1,2";
			};
			name = Release;
		};
/* End XCBuildConfiguration section */

/* Begin XCConfigurationList section */
		E657002F1D23F23C0076F2C3 /* Build configuration list for PBXProject "foldy-foldy-draw-draw" */ = {
			isa = XCConfigurationList;
			buildConfigurations = (
				E657004C1D23F23C0076F2C3 /* Debug */,
				E657004D1D23F23C0076F2C3 /* Release */,
			);
			defaultConfigurationIsVisible = 0;
			defaultConfigurationName = Release;
		};
		E657004E1D23F23C0076F2C3 /* Build configuration list for PBXNativeTarget "MessagesExtension" */ = {
			isa = XCConfigurationList;
			buildConfigurations = (
				E657004F1D23F23C0076F2C3 /* Debug */,
				E65700501D23F23C0076F2C3 /* Release */,
			);
			defaultConfigurationIsVisible = 0;
			defaultConfigurationName = Release;
		};
		E65700521D23F23C0076F2C3 /* Build configuration list for PBXNativeTarget "foldy-foldy-draw-draw" */ = {
			isa = XCConfigurationList;
			buildConfigurations = (
				E65700531D23F23C0076F2C3 /* Debug */,
				E65700541D23F23C0076F2C3 /* Release */,
			);
			defaultConfigurationIsVisible = 0;
			defaultConfigurationName = Release;
		};
/* End XCConfigurationList section */
	};
	rootObject = E657002C1D23F23C0076F2C3 /* Project object */;
}
